// !$*UTF8*$!
{
	archiveVersion = 1;
	classes = {
	};
	objectVersion = 56;
	objects = {

/* Begin PBXBuildFile section */
		1903DF122A37874C00478DFE /* SearchByIngredientsView.swift in Sources */ = {isa = PBXBuildFile; fileRef = 1903DF112A37874C00478DFE /* SearchByIngredientsView.swift */; };
		1903DF142A37878800478DFE /* ShoppingView.swift in Sources */ = {isa = PBXBuildFile; fileRef = 1903DF132A37878800478DFE /* ShoppingView.swift */; };
		1903DF162A37879800478DFE /* ProfileView.swift in Sources */ = {isa = PBXBuildFile; fileRef = 1903DF152A37879800478DFE /* ProfileView.swift */; };
		19100F552A422E3300AE6549 /* Extension + View.swift in Sources */ = {isa = PBXBuildFile; fileRef = 19100F542A422E3200AE6549 /* Extension + View.swift */; };
		191564932A3B7D11000B9F97 /* Extension + String.swift in Sources */ = {isa = PBXBuildFile; fileRef = 191564922A3B7D11000B9F97 /* Extension + String.swift */; };
		191CFB112A4D9B3400D5848E /* SearchByIngredientsViewModel.swift in Sources */ = {isa = PBXBuildFile; fileRef = 191CFB102A4D9B3400D5848E /* SearchByIngredientsViewModel.swift */; };
		193B82172A49AA4600657409 /* Extension + RecipeByType.swift in Sources */ = {isa = PBXBuildFile; fileRef = 193B82162A49AA4600657409 /* Extension + RecipeByType.swift */; };
		193E602B2A4CB0ED00E74DB6 /* RandomRecipeViewModel.swift in Sources */ = {isa = PBXBuildFile; fileRef = 193E602A2A4CB0ED00E74DB6 /* RandomRecipeViewModel.swift */; };
		193E602D2A4CB19700E74DB6 /* RandomRecipeView.swift in Sources */ = {isa = PBXBuildFile; fileRef = 193E602C2A4CB19700E74DB6 /* RandomRecipeView.swift */; };
		195AA8DA2A35E65600F7E6CF /* Jost-Light.ttf in Resources */ = {isa = PBXBuildFile; fileRef = 195AA8D42A35E65600F7E6CF /* Jost-Light.ttf */; };
		195AA8DB2A35E65600F7E6CF /* Jost-Regular.ttf in Resources */ = {isa = PBXBuildFile; fileRef = 195AA8D52A35E65600F7E6CF /* Jost-Regular.ttf */; };
		195AA8DC2A35E65700F7E6CF /* Jost-SemiBold.ttf in Resources */ = {isa = PBXBuildFile; fileRef = 195AA8D62A35E65600F7E6CF /* Jost-SemiBold.ttf */; };
		195AA8DD2A35E65700F7E6CF /* Jost-Bold.ttf in Resources */ = {isa = PBXBuildFile; fileRef = 195AA8D72A35E65600F7E6CF /* Jost-Bold.ttf */; };
		195AA8DE2A35E65700F7E6CF /* Cookie-Regular.ttf in Resources */ = {isa = PBXBuildFile; fileRef = 195AA8D82A35E65600F7E6CF /* Cookie-Regular.ttf */; };
		195AA8DF2A35E65700F7E6CF /* Jost-Medium.ttf in Resources */ = {isa = PBXBuildFile; fileRef = 195AA8D92A35E65600F7E6CF /* Jost-Medium.ttf */; };
		195AA8E12A35E9C100F7E6CF /* CustomButton.swift in Sources */ = {isa = PBXBuildFile; fileRef = 195AA8E02A35E9C100F7E6CF /* CustomButton.swift */; };
		19798A122A36038200D73BE4 /* GoogleService-Info.plist in Resources */ = {isa = PBXBuildFile; fileRef = 19798A112A36038100D73BE4 /* GoogleService-Info.plist */; };
		19798A152A36059900D73BE4 /* FirebaseAuth in Frameworks */ = {isa = PBXBuildFile; productRef = 19798A142A36059900D73BE4 /* FirebaseAuth */; };
		19798A172A36059900D73BE4 /* FirebaseFirestore in Frameworks */ = {isa = PBXBuildFile; productRef = 19798A162A36059900D73BE4 /* FirebaseFirestore */; };
		19798A192A36059900D73BE4 /* FirebaseStorage in Frameworks */ = {isa = PBXBuildFile; productRef = 19798A182A36059900D73BE4 /* FirebaseStorage */; };
		197B29422A52188600518D68 /* IngredientsListViewModel.swift in Sources */ = {isa = PBXBuildFile; fileRef = 197B29412A52188600518D68 /* IngredientsListViewModel.swift */; };
		197C50DF2A3E243600E898B5 /* ProfileViewModel.swift in Sources */ = {isa = PBXBuildFile; fileRef = 197C50DE2A3E243600E898B5 /* ProfileViewModel.swift */; };
		197D132A2A433B190039F66B /* FavoritesView.swift in Sources */ = {isa = PBXBuildFile; fileRef = 197D13292A433B190039F66B /* FavoritesView.swift */; };
		197D132C2A433B340039F66B /* FavoritesViewModel.swift in Sources */ = {isa = PBXBuildFile; fileRef = 197D132B2A433B340039F66B /* FavoritesViewModel.swift */; };
		197D132E2A433FD70039F66B /* FavoriteRecipeCard.swift in Sources */ = {isa = PBXBuildFile; fileRef = 197D132D2A433FD70039F66B /* FavoriteRecipeCard.swift */; };
		197FF3B12A32488D00EFF1AF /* CustomTextField.swift in Sources */ = {isa = PBXBuildFile; fileRef = 197FF3B02A32488D00EFF1AF /* CustomTextField.swift */; };
		197FF3B32A33723800EFF1AF /* MainView.swift in Sources */ = {isa = PBXBuildFile; fileRef = 197FF3B22A33723800EFF1AF /* MainView.swift */; };
		197FF3B52A34451F00EFF1AF /* SignInViewModel.swift in Sources */ = {isa = PBXBuildFile; fileRef = 197FF3B42A34451E00EFF1AF /* SignInViewModel.swift */; };
		198C9B062A3500F1008285A3 /* OnboardingCardViewModel.swift in Sources */ = {isa = PBXBuildFile; fileRef = 198C9B052A3500F1008285A3 /* OnboardingCardViewModel.swift */; };
		198C9B0C2A35028F008285A3 /* RegisterView.swift in Sources */ = {isa = PBXBuildFile; fileRef = 198C9B0A2A35028E008285A3 /* RegisterView.swift */; };
		198C9B0D2A35028F008285A3 /* RegisterViewModel.swift in Sources */ = {isa = PBXBuildFile; fileRef = 198C9B0B2A35028E008285A3 /* RegisterViewModel.swift */; };
		1993F0172A2F753600207E14 /* Launch Screen.storyboard in Resources */ = {isa = PBXBuildFile; fileRef = 1993F0162A2F753600207E14 /* Launch Screen.storyboard */; };
		19943BC82A2FA197009E9BCC /* OnboardingCardView.swift in Sources */ = {isa = PBXBuildFile; fileRef = 19943BC72A2FA197009E9BCC /* OnboardingCardView.swift */; };
		19943BCB2A2FA2A6009E9BCC /* Extension + Font.swift in Sources */ = {isa = PBXBuildFile; fileRef = 19943BCA2A2FA2A6009E9BCC /* Extension + Font.swift */; };
		199747422A31EE44004D657C /* SignInView.swift in Sources */ = {isa = PBXBuildFile; fileRef = 199747412A31EE44004D657C /* SignInView.swift */; };
		19AF33442A30F73500DD252D /* Extension + Color.swift in Sources */ = {isa = PBXBuildFile; fileRef = 19AF33432A30F73500DD252D /* Extension + Color.swift */; };
		19AF8A7B2A06768100388F8F /* CookifyApp.swift in Sources */ = {isa = PBXBuildFile; fileRef = 19AF8A7A2A06768100388F8F /* CookifyApp.swift */; };
		19AF8A7D2A06768100388F8F /* OnboardingView.swift in Sources */ = {isa = PBXBuildFile; fileRef = 19AF8A7C2A06768100388F8F /* OnboardingView.swift */; };
		19AF8A7F2A06768500388F8F /* Assets.xcassets in Resources */ = {isa = PBXBuildFile; fileRef = 19AF8A7E2A06768500388F8F /* Assets.xcassets */; };
		19AF8A822A06768500388F8F /* Preview Assets.xcassets in Resources */ = {isa = PBXBuildFile; fileRef = 19AF8A812A06768500388F8F /* Preview Assets.xcassets */; };
		19D8B4632A4E1CB0002F109D /* RecipeFromSearchCard.swift in Sources */ = {isa = PBXBuildFile; fileRef = 19D8B4622A4E1CB0002F109D /* RecipeFromSearchCard.swift */; };
		19DB92292A39E2FD00757733 /* Moya in Frameworks */ = {isa = PBXBuildFile; productRef = 19DB92282A39E2FD00757733 /* Moya */; };
		19DB922C2A39E5E000757733 /* MoyaManager.swift in Sources */ = {isa = PBXBuildFile; fileRef = 19DB922B2A39E5DF00757733 /* MoyaManager.swift */; };
		19DB922E2A39E8E000757733 /* SpoonacularApiProvider.swift in Sources */ = {isa = PBXBuildFile; fileRef = 19DB922D2A39E8E000757733 /* SpoonacularApiProvider.swift */; };
		19DB92302A39F66100757733 /* RecipesModels.swift in Sources */ = {isa = PBXBuildFile; fileRef = 19DB922F2A39F66100757733 /* RecipesModels.swift */; };
		19DEA36A2A360BF9008637FC /* FirebaseManager.swift in Sources */ = {isa = PBXBuildFile; fileRef = 19DEA3692A360BF9008637FC /* FirebaseManager.swift */; };
		19E0B77C2A36FD0D00BB626D /* User.swift in Sources */ = {isa = PBXBuildFile; fileRef = 19E0B77B2A36FD0D00BB626D /* User.swift */; };
		19E0B77F2A371A6600BB626D /* FirebaseFirestoreSwift in Frameworks */ = {isa = PBXBuildFile; productRef = 19E0B77E2A371A6600BB626D /* FirebaseFirestoreSwift */; };
		19E187C82A41BA3D001C7051 /* AuthorizedUser.swift in Sources */ = {isa = PBXBuildFile; fileRef = 19E187C72A41BA3D001C7051 /* AuthorizedUser.swift */; };
		19E187CA2A41F67D001C7051 /* SearchRecipesView.swift in Sources */ = {isa = PBXBuildFile; fileRef = 19E187C92A41F67D001C7051 /* SearchRecipesView.swift */; };
		19E3EBC62A42002900460F91 /* SearchRecipesViewModel.swift in Sources */ = {isa = PBXBuildFile; fileRef = 19E3EBC52A42002900460F91 /* SearchRecipesViewModel.swift */; };
		19E71CC72A38B657007F0D02 /* GoogleSignIn in Frameworks */ = {isa = PBXBuildFile; productRef = 19E71CC62A38B657007F0D02 /* GoogleSignIn */; };
		19E71CC92A38B657007F0D02 /* GoogleSignInSwift in Frameworks */ = {isa = PBXBuildFile; productRef = 19E71CC82A38B657007F0D02 /* GoogleSignInSwift */; };
		19E71CCB2A38B856007F0D02 /* CustomFunction.swift in Sources */ = {isa = PBXBuildFile; fileRef = 19E71CCA2A38B856007F0D02 /* CustomFunction.swift */; };
		19E71CCD2A38BBA7007F0D02 /* Extension + UIApplication.swift in Sources */ = {isa = PBXBuildFile; fileRef = 19E71CCC2A38BBA7007F0D02 /* Extension + UIApplication.swift */; };
		19E89AC12A3EDDBA00B05868 /* EditProfileViewModel.swift in Sources */ = {isa = PBXBuildFile; fileRef = 19E89AC02A3EDDBA00B05868 /* EditProfileViewModel.swift */; };
		19EA648A2A4EE65200D848D4 /* ClearButton.swift in Sources */ = {isa = PBXBuildFile; fileRef = 19EA64892A4EE65200D848D4 /* ClearButton.swift */; };
		19EAB9772A405B3E00CDF200 /* ImagePicker.swift in Sources */ = {isa = PBXBuildFile; fileRef = 19EAB9762A405B3E00CDF200 /* ImagePicker.swift */; };
		19ECF2A92A45B9CE003FAA6F /* MainViewModel.swift in Sources */ = {isa = PBXBuildFile; fileRef = 19ECF2A82A45B9CE003FAA6F /* MainViewModel.swift */; };
		19EE02B62A4AE175008B94E2 /* RecipeView.swift in Sources */ = {isa = PBXBuildFile; fileRef = 19EE02B52A4AE175008B94E2 /* RecipeView.swift */; };
		19EE02B92A4AE714008B94E2 /* RecipeViewModel.swift in Sources */ = {isa = PBXBuildFile; fileRef = 19EE02B82A4AE714008B94E2 /* RecipeViewModel.swift */; };
		19EE51CE2A3E3514006A423A /* EditProfileView.swift in Sources */ = {isa = PBXBuildFile; fileRef = 19EE51CD2A3E3514006A423A /* EditProfileView.swift */; };
		19F007702A50680000B7F0AC /* ShoppingViewModel.swift in Sources */ = {isa = PBXBuildFile; fileRef = 19F0076F2A50680000B7F0AC /* ShoppingViewModel.swift */; };
		19F007732A5076E800B7F0AC /* IngredientsListView.swift in Sources */ = {isa = PBXBuildFile; fileRef = 19F007722A5076E800B7F0AC /* IngredientsListView.swift */; };
		19F23FD32A3782EE003A4FC5 /* HomeView.swift in Sources */ = {isa = PBXBuildFile; fileRef = 19F23FD22A3782EE003A4FC5 /* HomeView.swift */; };
		19F23FD92A3783E2003A4FC5 /* CommunityView.swift in Sources */ = {isa = PBXBuildFile; fileRef = 19F23FD82A3783E2003A4FC5 /* CommunityView.swift */; };
		19F31A662A3C905D003529C7 /* RecipeCard.swift in Sources */ = {isa = PBXBuildFile; fileRef = 19F31A652A3C905D003529C7 /* RecipeCard.swift */; };
		19F6BC412A47708300E95F68 /* HomeViewModel.swift in Sources */ = {isa = PBXBuildFile; fileRef = 19F6BC402A47708300E95F68 /* HomeViewModel.swift */; };
		19F89C002A4C4078007806FC /* Extension + ProcessInfo.swift in Sources */ = {isa = PBXBuildFile; fileRef = 19F89BFF2A4C4078007806FC /* Extension + ProcessInfo.swift */; };
		19FAB82B2A3B213900D9C00D /* SDWebImageSwiftUI in Frameworks */ = {isa = PBXBuildFile; productRef = 19FAB82A2A3B213900D9C00D /* SDWebImageSwiftUI */; };
		19FE10DD2A389A6000D8DA49 /* LoadingView.swift in Sources */ = {isa = PBXBuildFile; fileRef = 19FE10DC2A389A6000D8DA49 /* LoadingView.swift */; };
/* End PBXBuildFile section */

/* Begin PBXFileReference section */
		1903DF112A37874C00478DFE /* SearchByIngredientsView.swift */ = {isa = PBXFileReference; lastKnownFileType = sourcecode.swift; path = SearchByIngredientsView.swift; sourceTree = "<group>"; };
		1903DF132A37878800478DFE /* ShoppingView.swift */ = {isa = PBXFileReference; lastKnownFileType = sourcecode.swift; path = ShoppingView.swift; sourceTree = "<group>"; };
		1903DF152A37879800478DFE /* ProfileView.swift */ = {isa = PBXFileReference; lastKnownFileType = sourcecode.swift; path = ProfileView.swift; sourceTree = "<group>"; };
		19100F542A422E3200AE6549 /* Extension + View.swift */ = {isa = PBXFileReference; lastKnownFileType = sourcecode.swift; path = "Extension + View.swift"; sourceTree = "<group>"; };
		191564922A3B7D11000B9F97 /* Extension + String.swift */ = {isa = PBXFileReference; lastKnownFileType = sourcecode.swift; path = "Extension + String.swift"; sourceTree = "<group>"; };
		191CFB102A4D9B3400D5848E /* SearchByIngredientsViewModel.swift */ = {isa = PBXFileReference; lastKnownFileType = sourcecode.swift; path = SearchByIngredientsViewModel.swift; sourceTree = "<group>"; };
		193B82162A49AA4600657409 /* Extension + RecipeByType.swift */ = {isa = PBXFileReference; lastKnownFileType = sourcecode.swift; path = "Extension + RecipeByType.swift"; sourceTree = "<group>"; };
		193E602A2A4CB0ED00E74DB6 /* RandomRecipeViewModel.swift */ = {isa = PBXFileReference; lastKnownFileType = sourcecode.swift; path = RandomRecipeViewModel.swift; sourceTree = "<group>"; };
		193E602C2A4CB19700E74DB6 /* RandomRecipeView.swift */ = {isa = PBXFileReference; lastKnownFileType = sourcecode.swift; path = RandomRecipeView.swift; sourceTree = "<group>"; };
		195AA8D42A35E65600F7E6CF /* Jost-Light.ttf */ = {isa = PBXFileReference; lastKnownFileType = file; path = "Jost-Light.ttf"; sourceTree = "<group>"; };
		195AA8D52A35E65600F7E6CF /* Jost-Regular.ttf */ = {isa = PBXFileReference; lastKnownFileType = file; path = "Jost-Regular.ttf"; sourceTree = "<group>"; };
		195AA8D62A35E65600F7E6CF /* Jost-SemiBold.ttf */ = {isa = PBXFileReference; lastKnownFileType = file; path = "Jost-SemiBold.ttf"; sourceTree = "<group>"; };
		195AA8D72A35E65600F7E6CF /* Jost-Bold.ttf */ = {isa = PBXFileReference; lastKnownFileType = file; path = "Jost-Bold.ttf"; sourceTree = "<group>"; };
		195AA8D82A35E65600F7E6CF /* Cookie-Regular.ttf */ = {isa = PBXFileReference; lastKnownFileType = file; path = "Cookie-Regular.ttf"; sourceTree = "<group>"; };
		195AA8D92A35E65600F7E6CF /* Jost-Medium.ttf */ = {isa = PBXFileReference; lastKnownFileType = file; path = "Jost-Medium.ttf"; sourceTree = "<group>"; };
		195AA8E02A35E9C100F7E6CF /* CustomButton.swift */ = {isa = PBXFileReference; fileEncoding = 4; lastKnownFileType = sourcecode.swift; path = CustomButton.swift; sourceTree = "<group>"; };
		19798A112A36038100D73BE4 /* GoogleService-Info.plist */ = {isa = PBXFileReference; fileEncoding = 4; lastKnownFileType = text.plist.xml; name = "GoogleService-Info.plist"; path = "../../../../../Downloads/GoogleService-Info.plist"; sourceTree = "<group>"; };
		197B29412A52188600518D68 /* IngredientsListViewModel.swift */ = {isa = PBXFileReference; lastKnownFileType = sourcecode.swift; path = IngredientsListViewModel.swift; sourceTree = "<group>"; };
		197C50DE2A3E243600E898B5 /* ProfileViewModel.swift */ = {isa = PBXFileReference; lastKnownFileType = sourcecode.swift; path = ProfileViewModel.swift; sourceTree = "<group>"; };
		197D13292A433B190039F66B /* FavoritesView.swift */ = {isa = PBXFileReference; lastKnownFileType = sourcecode.swift; path = FavoritesView.swift; sourceTree = "<group>"; };
		197D132B2A433B340039F66B /* FavoritesViewModel.swift */ = {isa = PBXFileReference; lastKnownFileType = sourcecode.swift; path = FavoritesViewModel.swift; sourceTree = "<group>"; };
		197D132D2A433FD70039F66B /* FavoriteRecipeCard.swift */ = {isa = PBXFileReference; lastKnownFileType = sourcecode.swift; path = FavoriteRecipeCard.swift; sourceTree = "<group>"; };
		197FF3B02A32488D00EFF1AF /* CustomTextField.swift */ = {isa = PBXFileReference; lastKnownFileType = sourcecode.swift; path = CustomTextField.swift; sourceTree = "<group>"; };
		197FF3B22A33723800EFF1AF /* MainView.swift */ = {isa = PBXFileReference; lastKnownFileType = sourcecode.swift; path = MainView.swift; sourceTree = "<group>"; };
		197FF3B42A34451E00EFF1AF /* SignInViewModel.swift */ = {isa = PBXFileReference; lastKnownFileType = sourcecode.swift; path = SignInViewModel.swift; sourceTree = "<group>"; };
		198C9B052A3500F1008285A3 /* OnboardingCardViewModel.swift */ = {isa = PBXFileReference; fileEncoding = 4; lastKnownFileType = sourcecode.swift; path = OnboardingCardViewModel.swift; sourceTree = "<group>"; };
		198C9B0A2A35028E008285A3 /* RegisterView.swift */ = {isa = PBXFileReference; fileEncoding = 4; lastKnownFileType = sourcecode.swift; path = RegisterView.swift; sourceTree = "<group>"; };
		198C9B0B2A35028E008285A3 /* RegisterViewModel.swift */ = {isa = PBXFileReference; fileEncoding = 4; lastKnownFileType = sourcecode.swift; path = RegisterViewModel.swift; sourceTree = "<group>"; };
		1993F0152A2F6DFF00207E14 /* Info.plist */ = {isa = PBXFileReference; lastKnownFileType = text.plist.xml; path = Info.plist; sourceTree = "<group>"; };
		1993F0162A2F753600207E14 /* Launch Screen.storyboard */ = {isa = PBXFileReference; lastKnownFileType = file.storyboard; path = "Launch Screen.storyboard"; sourceTree = "<group>"; };
		19943BC72A2FA197009E9BCC /* OnboardingCardView.swift */ = {isa = PBXFileReference; lastKnownFileType = sourcecode.swift; path = OnboardingCardView.swift; sourceTree = "<group>"; };
		19943BCA2A2FA2A6009E9BCC /* Extension + Font.swift */ = {isa = PBXFileReference; lastKnownFileType = sourcecode.swift; path = "Extension + Font.swift"; sourceTree = "<group>"; };
		199747412A31EE44004D657C /* SignInView.swift */ = {isa = PBXFileReference; lastKnownFileType = sourcecode.swift; path = SignInView.swift; sourceTree = "<group>"; };
		19AF33432A30F73500DD252D /* Extension + Color.swift */ = {isa = PBXFileReference; lastKnownFileType = sourcecode.swift; path = "Extension + Color.swift"; sourceTree = "<group>"; };
		19AF8A772A06768100388F8F /* Cookify.app */ = {isa = PBXFileReference; explicitFileType = wrapper.application; includeInIndex = 0; path = Cookify.app; sourceTree = BUILT_PRODUCTS_DIR; };
		19AF8A7A2A06768100388F8F /* CookifyApp.swift */ = {isa = PBXFileReference; lastKnownFileType = sourcecode.swift; path = CookifyApp.swift; sourceTree = "<group>"; };
		19AF8A7C2A06768100388F8F /* OnboardingView.swift */ = {isa = PBXFileReference; lastKnownFileType = sourcecode.swift; path = OnboardingView.swift; sourceTree = "<group>"; };
		19AF8A7E2A06768500388F8F /* Assets.xcassets */ = {isa = PBXFileReference; lastKnownFileType = folder.assetcatalog; path = Assets.xcassets; sourceTree = "<group>"; };
		19AF8A812A06768500388F8F /* Preview Assets.xcassets */ = {isa = PBXFileReference; lastKnownFileType = folder.assetcatalog; path = "Preview Assets.xcassets"; sourceTree = "<group>"; };
		19D8B4622A4E1CB0002F109D /* RecipeFromSearchCard.swift */ = {isa = PBXFileReference; lastKnownFileType = sourcecode.swift; path = RecipeFromSearchCard.swift; sourceTree = "<group>"; };
		19DB922B2A39E5DF00757733 /* MoyaManager.swift */ = {isa = PBXFileReference; lastKnownFileType = sourcecode.swift; path = MoyaManager.swift; sourceTree = "<group>"; };
		19DB922D2A39E8E000757733 /* SpoonacularApiProvider.swift */ = {isa = PBXFileReference; lastKnownFileType = sourcecode.swift; path = SpoonacularApiProvider.swift; sourceTree = "<group>"; };
		19DB922F2A39F66100757733 /* RecipesModels.swift */ = {isa = PBXFileReference; lastKnownFileType = sourcecode.swift; path = RecipesModels.swift; sourceTree = "<group>"; };
		19DEA3692A360BF9008637FC /* FirebaseManager.swift */ = {isa = PBXFileReference; lastKnownFileType = sourcecode.swift; path = FirebaseManager.swift; sourceTree = "<group>"; };
		19E0B77B2A36FD0D00BB626D /* User.swift */ = {isa = PBXFileReference; lastKnownFileType = sourcecode.swift; path = User.swift; sourceTree = "<group>"; };
		19E187C72A41BA3D001C7051 /* AuthorizedUser.swift */ = {isa = PBXFileReference; lastKnownFileType = sourcecode.swift; path = AuthorizedUser.swift; sourceTree = "<group>"; };
		19E187C92A41F67D001C7051 /* SearchRecipesView.swift */ = {isa = PBXFileReference; lastKnownFileType = sourcecode.swift; path = SearchRecipesView.swift; sourceTree = "<group>"; };
		19E3EBC52A42002900460F91 /* SearchRecipesViewModel.swift */ = {isa = PBXFileReference; lastKnownFileType = sourcecode.swift; path = SearchRecipesViewModel.swift; sourceTree = "<group>"; };
		19E71CCA2A38B856007F0D02 /* CustomFunction.swift */ = {isa = PBXFileReference; lastKnownFileType = sourcecode.swift; path = CustomFunction.swift; sourceTree = "<group>"; };
		19E71CCC2A38BBA7007F0D02 /* Extension + UIApplication.swift */ = {isa = PBXFileReference; lastKnownFileType = sourcecode.swift; path = "Extension + UIApplication.swift"; sourceTree = "<group>"; };
		19E89AC02A3EDDBA00B05868 /* EditProfileViewModel.swift */ = {isa = PBXFileReference; lastKnownFileType = sourcecode.swift; path = EditProfileViewModel.swift; sourceTree = "<group>"; };
		19EA64892A4EE65200D848D4 /* ClearButton.swift */ = {isa = PBXFileReference; lastKnownFileType = sourcecode.swift; path = ClearButton.swift; sourceTree = "<group>"; };
		19EAB9762A405B3E00CDF200 /* ImagePicker.swift */ = {isa = PBXFileReference; lastKnownFileType = sourcecode.swift; path = ImagePicker.swift; sourceTree = "<group>"; };
		19ECF2A82A45B9CE003FAA6F /* MainViewModel.swift */ = {isa = PBXFileReference; lastKnownFileType = sourcecode.swift; path = MainViewModel.swift; sourceTree = "<group>"; };
		19EE02B52A4AE175008B94E2 /* RecipeView.swift */ = {isa = PBXFileReference; lastKnownFileType = sourcecode.swift; path = RecipeView.swift; sourceTree = "<group>"; };
		19EE02B82A4AE714008B94E2 /* RecipeViewModel.swift */ = {isa = PBXFileReference; lastKnownFileType = sourcecode.swift; path = RecipeViewModel.swift; sourceTree = "<group>"; };
		19EE51CD2A3E3514006A423A /* EditProfileView.swift */ = {isa = PBXFileReference; lastKnownFileType = sourcecode.swift; path = EditProfileView.swift; sourceTree = "<group>"; };
		19F0076F2A50680000B7F0AC /* ShoppingViewModel.swift */ = {isa = PBXFileReference; lastKnownFileType = sourcecode.swift; path = ShoppingViewModel.swift; sourceTree = "<group>"; };
		19F007722A5076E800B7F0AC /* IngredientsListView.swift */ = {isa = PBXFileReference; lastKnownFileType = sourcecode.swift; path = IngredientsListView.swift; sourceTree = "<group>"; };
		19F23FD22A3782EE003A4FC5 /* HomeView.swift */ = {isa = PBXFileReference; lastKnownFileType = sourcecode.swift; path = HomeView.swift; sourceTree = "<group>"; };
		19F23FD82A3783E2003A4FC5 /* CommunityView.swift */ = {isa = PBXFileReference; lastKnownFileType = sourcecode.swift; path = CommunityView.swift; sourceTree = "<group>"; };
		19F31A652A3C905D003529C7 /* RecipeCard.swift */ = {isa = PBXFileReference; lastKnownFileType = sourcecode.swift; path = RecipeCard.swift; sourceTree = "<group>"; };
		19F6BC402A47708300E95F68 /* HomeViewModel.swift */ = {isa = PBXFileReference; lastKnownFileType = sourcecode.swift; path = HomeViewModel.swift; sourceTree = "<group>"; };
		19F89BFF2A4C4078007806FC /* Extension + ProcessInfo.swift */ = {isa = PBXFileReference; lastKnownFileType = sourcecode.swift; path = "Extension + ProcessInfo.swift"; sourceTree = "<group>"; };
		19FE10DC2A389A6000D8DA49 /* LoadingView.swift */ = {isa = PBXFileReference; lastKnownFileType = sourcecode.swift; path = LoadingView.swift; sourceTree = "<group>"; };
/* End PBXFileReference section */

/* Begin PBXFrameworksBuildPhase section */
		19AF8A742A06768100388F8F /* Frameworks */ = {
			isa = PBXFrameworksBuildPhase;
			buildActionMask = 2147483647;
			files = (
				19E71CC72A38B657007F0D02 /* GoogleSignIn in Frameworks */,
				19798A152A36059900D73BE4 /* FirebaseAuth in Frameworks */,
				19798A172A36059900D73BE4 /* FirebaseFirestore in Frameworks */,
				19E71CC92A38B657007F0D02 /* GoogleSignInSwift in Frameworks */,
				19FAB82B2A3B213900D9C00D /* SDWebImageSwiftUI in Frameworks */,
				19798A192A36059900D73BE4 /* FirebaseStorage in Frameworks */,
				19DB92292A39E2FD00757733 /* Moya in Frameworks */,
				19E0B77F2A371A6600BB626D /* FirebaseFirestoreSwift in Frameworks */,
			);
			runOnlyForDeploymentPostprocessing = 0;
		};
/* End PBXFrameworksBuildPhase section */

/* Begin PBXGroup section */
		193E60272A4CB0A700E74DB6 /* RandomRecipe */ = {
			isa = PBXGroup;
			children = (
				193E602A2A4CB0ED00E74DB6 /* RandomRecipeViewModel.swift */,
				193E602C2A4CB19700E74DB6 /* RandomRecipeView.swift */,
			);
			path = RandomRecipe;
			sourceTree = "<group>";
		};
		197D13282A433AFD0039F66B /* Favorites */ = {
			isa = PBXGroup;
			children = (
				197D13292A433B190039F66B /* FavoritesView.swift */,
				197D132B2A433B340039F66B /* FavoritesViewModel.swift */,
			);
			path = Favorites;
			sourceTree = "<group>";
		};
		1980C0062A31F8FF00F95A72 /* Components */ = {
			isa = PBXGroup;
			children = (
				195AA8E02A35E9C100F7E6CF /* CustomButton.swift */,
				197FF3B02A32488D00EFF1AF /* CustomTextField.swift */,
				19F31A652A3C905D003529C7 /* RecipeCard.swift */,
				197D132D2A433FD70039F66B /* FavoriteRecipeCard.swift */,
				19D8B4622A4E1CB0002F109D /* RecipeFromSearchCard.swift */,
				19EA64892A4EE65200D848D4 /* ClearButton.swift */,
			);
			path = Components;
			sourceTree = "<group>";
		};
		1983161E2A2FB4D600F03959 /* Onboarding */ = {
			isa = PBXGroup;
			children = (
				19AF8A7C2A06768100388F8F /* OnboardingView.swift */,
				198C9B052A3500F1008285A3 /* OnboardingCardViewModel.swift */,
				19943BC72A2FA197009E9BCC /* OnboardingCardView.swift */,
			);
			path = Onboarding;
			sourceTree = "<group>";
		};
		198C9B092A35028E008285A3 /* Register */ = {
			isa = PBXGroup;
			children = (
				198C9B0A2A35028E008285A3 /* RegisterView.swift */,
				198C9B0B2A35028E008285A3 /* RegisterViewModel.swift */,
			);
			path = Register;
			sourceTree = "<group>";
		};
		1993F00F2A2F6D2900207E14 /* Fonts */ = {
			isa = PBXGroup;
			children = (
				195AA8D82A35E65600F7E6CF /* Cookie-Regular.ttf */,
				195AA8D72A35E65600F7E6CF /* Jost-Bold.ttf */,
				195AA8D42A35E65600F7E6CF /* Jost-Light.ttf */,
				195AA8D92A35E65600F7E6CF /* Jost-Medium.ttf */,
				195AA8D52A35E65600F7E6CF /* Jost-Regular.ttf */,
				195AA8D62A35E65600F7E6CF /* Jost-SemiBold.ttf */,
			);
			path = Fonts;
			sourceTree = "<group>";
		};
		19943BC42A2FA120009E9BCC /* View */ = {
			isa = PBXGroup;
			children = (
				193E60272A4CB0A700E74DB6 /* RandomRecipe */,
				19FE10DC2A389A6000D8DA49 /* LoadingView.swift */,
				197D13282A433AFD0039F66B /* Favorites */,
				19F23FD72A37839F003A4FC5 /* Profile */,
				19F23FD62A378393003A4FC5 /* Shopping */,
				19F23FD52A37830B003A4FC5 /* Search */,
				19F23FD42A378302003A4FC5 /* Community */,
				19F23FD12A3782BF003A4FC5 /* Home */,
				198C9B092A35028E008285A3 /* Register */,
				1983161E2A2FB4D600F03959 /* Onboarding */,
				199747432A31EE59004D657C /* SignIn */,
				19ECF2A72A45B9B7003FAA6F /* Main */,
				19EE02B72A4AE17C008B94E2 /* Recipe */,
			);
			path = View;
			sourceTree = "<group>";
		};
		19943BC92A2FA28C009E9BCC /* Extensions */ = {
			isa = PBXGroup;
			children = (
				19943BCA2A2FA2A6009E9BCC /* Extension + Font.swift */,
				19AF33432A30F73500DD252D /* Extension + Color.swift */,
				19E71CCC2A38BBA7007F0D02 /* Extension + UIApplication.swift */,
				191564922A3B7D11000B9F97 /* Extension + String.swift */,
				19100F542A422E3200AE6549 /* Extension + View.swift */,
				193B82162A49AA4600657409 /* Extension + RecipeByType.swift */,
				19F89BFF2A4C4078007806FC /* Extension + ProcessInfo.swift */,
			);
			path = Extensions;
			sourceTree = "<group>";
		};
		199747432A31EE59004D657C /* SignIn */ = {
			isa = PBXGroup;
			children = (
				199747412A31EE44004D657C /* SignInView.swift */,
				197FF3B42A34451E00EFF1AF /* SignInViewModel.swift */,
			);
			path = SignIn;
			sourceTree = "<group>";
		};
		19AF33412A30F23800DD252D /* Resources */ = {
			isa = PBXGroup;
			children = (
				19AF8A7E2A06768500388F8F /* Assets.xcassets */,
				1993F00F2A2F6D2900207E14 /* Fonts */,
			);
			path = Resources;
			sourceTree = "<group>";
		};
		19AF33422A30F28400DD252D /* SupportingFiles */ = {
			isa = PBXGroup;
			children = (
				19798A112A36038100D73BE4 /* GoogleService-Info.plist */,
				1993F0152A2F6DFF00207E14 /* Info.plist */,
				1993F0162A2F753600207E14 /* Launch Screen.storyboard */,
				19AF8A7A2A06768100388F8F /* CookifyApp.swift */,
			);
			path = SupportingFiles;
			sourceTree = "<group>";
		};
		19AF8A6E2A06768100388F8F = {
			isa = PBXGroup;
			children = (
				19AF8A792A06768100388F8F /* Cookify */,
				19AF8A782A06768100388F8F /* Products */,
				19E0B77D2A371A6600BB626D /* Frameworks */,
			);
			sourceTree = "<group>";
		};
		19AF8A782A06768100388F8F /* Products */ = {
			isa = PBXGroup;
			children = (
				19AF8A772A06768100388F8F /* Cookify.app */,
			);
			name = Products;
			sourceTree = "<group>";
		};
		19AF8A792A06768100388F8F /* Cookify */ = {
			isa = PBXGroup;
			children = (
				19E0B77A2A36FCF400BB626D /* Model */,
				19DEA3672A360BA8008637FC /* Services */,
				1980C0062A31F8FF00F95A72 /* Components */,
				19943BC92A2FA28C009E9BCC /* Extensions */,
				19943BC42A2FA120009E9BCC /* View */,
				19AF33422A30F28400DD252D /* SupportingFiles */,
				19AF33412A30F23800DD252D /* Resources */,
				19AF8A802A06768500388F8F /* Preview Content */,
				19E71CCA2A38B856007F0D02 /* CustomFunction.swift */,
			);
			path = Cookify;
			sourceTree = "<group>";
		};
		19AF8A802A06768500388F8F /* Preview Content */ = {
			isa = PBXGroup;
			children = (
				19AF8A812A06768500388F8F /* Preview Assets.xcassets */,
			);
			path = "Preview Content";
			sourceTree = "<group>";
		};
		19DEA3672A360BA8008637FC /* Services */ = {
			isa = PBXGroup;
			children = (
				19DEA3692A360BF9008637FC /* FirebaseManager.swift */,
				19DB922B2A39E5DF00757733 /* MoyaManager.swift */,
				19DB922D2A39E8E000757733 /* SpoonacularApiProvider.swift */,
			);
			path = Services;
			sourceTree = "<group>";
		};
		19E0B77A2A36FCF400BB626D /* Model */ = {
			isa = PBXGroup;
			children = (
				19E0B77B2A36FD0D00BB626D /* User.swift */,
				19DB922F2A39F66100757733 /* RecipesModels.swift */,
				19E187C72A41BA3D001C7051 /* AuthorizedUser.swift */,
			);
			path = Model;
			sourceTree = "<group>";
		};
		19E0B77D2A371A6600BB626D /* Frameworks */ = {
			isa = PBXGroup;
			children = (
			);
			name = Frameworks;
			sourceTree = "<group>";
		};
		19E187CB2A41F68A001C7051 /* SearchRecipes */ = {
			isa = PBXGroup;
			children = (
				19E187C92A41F67D001C7051 /* SearchRecipesView.swift */,
				19E3EBC52A42002900460F91 /* SearchRecipesViewModel.swift */,
			);
			path = SearchRecipes;
			sourceTree = "<group>";
		};
		19ECF2A72A45B9B7003FAA6F /* Main */ = {
			isa = PBXGroup;
			children = (
				197FF3B22A33723800EFF1AF /* MainView.swift */,
				19ECF2A82A45B9CE003FAA6F /* MainViewModel.swift */,
			);
			path = Main;
			sourceTree = "<group>";
		};
		19EE02B72A4AE17C008B94E2 /* Recipe */ = {
			isa = PBXGroup;
			children = (
				19EE02B52A4AE175008B94E2 /* RecipeView.swift */,
				19EE02B82A4AE714008B94E2 /* RecipeViewModel.swift */,
			);
			path = Recipe;
			sourceTree = "<group>";
		};
		19EE51CC2A3E34ED006A423A /* EditProfile */ = {
			isa = PBXGroup;
			children = (
				19EE51CD2A3E3514006A423A /* EditProfileView.swift */,
				19E89AC02A3EDDBA00B05868 /* EditProfileViewModel.swift */,
				19EAB9762A405B3E00CDF200 /* ImagePicker.swift */,
			);
			path = EditProfile;
			sourceTree = "<group>";
		};
		19F007712A5076AD00B7F0AC /* IngredientsList */ = {
			isa = PBXGroup;
			children = (
				19F007722A5076E800B7F0AC /* IngredientsListView.swift */,
				197B29412A52188600518D68 /* IngredientsListViewModel.swift */,
			);
			path = IngredientsList;
			sourceTree = "<group>";
		};
		19F23FD12A3782BF003A4FC5 /* Home */ = {
			isa = PBXGroup;
			children = (
				19F6BC402A47708300E95F68 /* HomeViewModel.swift */,
				19F23FD22A3782EE003A4FC5 /* HomeView.swift */,
				19E187CB2A41F68A001C7051 /* SearchRecipes */,
			);
			path = Home;
			sourceTree = "<group>";
		};
		19F23FD42A378302003A4FC5 /* Community */ = {
			isa = PBXGroup;
			children = (
				19F23FD82A3783E2003A4FC5 /* CommunityView.swift */,
			);
			path = Community;
			sourceTree = "<group>";
		};
		19F23FD52A37830B003A4FC5 /* Search */ = {
			isa = PBXGroup;
			children = (
				1903DF112A37874C00478DFE /* SearchByIngredientsView.swift */,
				191CFB102A4D9B3400D5848E /* SearchByIngredientsViewModel.swift */,
			);
			path = Search;
			sourceTree = "<group>";
		};
		19F23FD62A378393003A4FC5 /* Shopping */ = {
			isa = PBXGroup;
			children = (
				19F007712A5076AD00B7F0AC /* IngredientsList */,
				1903DF132A37878800478DFE /* ShoppingView.swift */,
				19F0076F2A50680000B7F0AC /* ShoppingViewModel.swift */,
			);
			path = Shopping;
			sourceTree = "<group>";
		};
		19F23FD72A37839F003A4FC5 /* Profile */ = {
			isa = PBXGroup;
			children = (
				19EE51CC2A3E34ED006A423A /* EditProfile */,
				1903DF152A37879800478DFE /* ProfileView.swift */,
				197C50DE2A3E243600E898B5 /* ProfileViewModel.swift */,
			);
			path = Profile;
			sourceTree = "<group>";
		};
/* End PBXGroup section */

/* Begin PBXNativeTarget section */
		19AF8A762A06768100388F8F /* Cookify */ = {
			isa = PBXNativeTarget;
			buildConfigurationList = 19AF8A852A06768500388F8F /* Build configuration list for PBXNativeTarget "Cookify" */;
			buildPhases = (
				19AF8A732A06768100388F8F /* Sources */,
				19AF8A742A06768100388F8F /* Frameworks */,
				19AF8A752A06768100388F8F /* Resources */,
			);
			buildRules = (
			);
			dependencies = (
			);
			name = Cookify;
			packageProductDependencies = (
				19798A142A36059900D73BE4 /* FirebaseAuth */,
				19798A162A36059900D73BE4 /* FirebaseFirestore */,
				19798A182A36059900D73BE4 /* FirebaseStorage */,
				19E0B77E2A371A6600BB626D /* FirebaseFirestoreSwift */,
				19E71CC62A38B657007F0D02 /* GoogleSignIn */,
				19E71CC82A38B657007F0D02 /* GoogleSignInSwift */,
				19DB92282A39E2FD00757733 /* Moya */,
				19FAB82A2A3B213900D9C00D /* SDWebImageSwiftUI */,
			);
			productName = Cookify;
			productReference = 19AF8A772A06768100388F8F /* Cookify.app */;
			productType = "com.apple.product-type.application";
		};
/* End PBXNativeTarget section */

/* Begin PBXProject section */
		19AF8A6F2A06768100388F8F /* Project object */ = {
			isa = PBXProject;
			attributes = {
				BuildIndependentTargetsInParallel = 1;
				LastSwiftUpdateCheck = 1420;
				LastUpgradeCheck = 1420;
				TargetAttributes = {
					19AF8A762A06768100388F8F = {
						CreatedOnToolsVersion = 14.2;
					};
				};
			};
			buildConfigurationList = 19AF8A722A06768100388F8F /* Build configuration list for PBXProject "Cookify" */;
			compatibilityVersion = "Xcode 14.0";
			developmentRegion = en;
			hasScannedForEncodings = 0;
			knownRegions = (
				en,
				Base,
			);
			mainGroup = 19AF8A6E2A06768100388F8F;
			packageReferences = (
				19798A132A36059800D73BE4 /* XCRemoteSwiftPackageReference "firebase-ios-sdk" */,
				19E71CC52A38B657007F0D02 /* XCRemoteSwiftPackageReference "GoogleSignIn-iOS" */,
				19DB92272A39E2FD00757733 /* XCRemoteSwiftPackageReference "Moya" */,
				19FAB8292A3B213800D9C00D /* XCRemoteSwiftPackageReference "SDWebImageSwiftUI" */,
			);
			productRefGroup = 19AF8A782A06768100388F8F /* Products */;
			projectDirPath = "";
			projectRoot = "";
			targets = (
				19AF8A762A06768100388F8F /* Cookify */,
			);
		};
/* End PBXProject section */

/* Begin PBXResourcesBuildPhase section */
		19AF8A752A06768100388F8F /* Resources */ = {
			isa = PBXResourcesBuildPhase;
			buildActionMask = 2147483647;
			files = (
				195AA8DF2A35E65700F7E6CF /* Jost-Medium.ttf in Resources */,
				195AA8DD2A35E65700F7E6CF /* Jost-Bold.ttf in Resources */,
				1993F0172A2F753600207E14 /* Launch Screen.storyboard in Resources */,
				19AF8A822A06768500388F8F /* Preview Assets.xcassets in Resources */,
				19AF8A7F2A06768500388F8F /* Assets.xcassets in Resources */,
				195AA8DA2A35E65600F7E6CF /* Jost-Light.ttf in Resources */,
				195AA8DB2A35E65600F7E6CF /* Jost-Regular.ttf in Resources */,
				19798A122A36038200D73BE4 /* GoogleService-Info.plist in Resources */,
				195AA8DC2A35E65700F7E6CF /* Jost-SemiBold.ttf in Resources */,
				195AA8DE2A35E65700F7E6CF /* Cookie-Regular.ttf in Resources */,
			);
			runOnlyForDeploymentPostprocessing = 0;
		};
/* End PBXResourcesBuildPhase section */

/* Begin PBXSourcesBuildPhase section */
		19AF8A732A06768100388F8F /* Sources */ = {
			isa = PBXSourcesBuildPhase;
			buildActionMask = 2147483647;
			files = (
				195AA8E12A35E9C100F7E6CF /* CustomButton.swift in Sources */,
				19943BCB2A2FA2A6009E9BCC /* Extension + Font.swift in Sources */,
				19DEA36A2A360BF9008637FC /* FirebaseManager.swift in Sources */,
				19F6BC412A47708300E95F68 /* HomeViewModel.swift in Sources */,
				197D132E2A433FD70039F66B /* FavoriteRecipeCard.swift in Sources */,
				19AF33442A30F73500DD252D /* Extension + Color.swift in Sources */,
				197FF3B32A33723800EFF1AF /* MainView.swift in Sources */,
				19FE10DD2A389A6000D8DA49 /* LoadingView.swift in Sources */,
				197FF3B12A32488D00EFF1AF /* CustomTextField.swift in Sources */,
				19943BC82A2FA197009E9BCC /* OnboardingCardView.swift in Sources */,
				193E602B2A4CB0ED00E74DB6 /* RandomRecipeViewModel.swift in Sources */,
				19AF8A7D2A06768100388F8F /* OnboardingView.swift in Sources */,
				19100F552A422E3300AE6549 /* Extension + View.swift in Sources */,
				19E0B77C2A36FD0D00BB626D /* User.swift in Sources */,
				19E187CA2A41F67D001C7051 /* SearchRecipesView.swift in Sources */,
				197D132C2A433B340039F66B /* FavoritesViewModel.swift in Sources */,
				19DB922C2A39E5E000757733 /* MoyaManager.swift in Sources */,
				198C9B062A3500F1008285A3 /* OnboardingCardViewModel.swift in Sources */,
				1903DF122A37874C00478DFE /* SearchByIngredientsView.swift in Sources */,
				1903DF142A37878800478DFE /* ShoppingView.swift in Sources */,
				191564932A3B7D11000B9F97 /* Extension + String.swift in Sources */,
				1903DF162A37879800478DFE /* ProfileView.swift in Sources */,
				197D132A2A433B190039F66B /* FavoritesView.swift in Sources */,
				19F007732A5076E800B7F0AC /* IngredientsListView.swift in Sources */,
				199747422A31EE44004D657C /* SignInView.swift in Sources */,
				198C9B0D2A35028F008285A3 /* RegisterViewModel.swift in Sources */,
				19EE02B62A4AE175008B94E2 /* RecipeView.swift in Sources */,
				197B29422A52188600518D68 /* IngredientsListViewModel.swift in Sources */,
				19EAB9772A405B3E00CDF200 /* ImagePicker.swift in Sources */,
				19F23FD92A3783E2003A4FC5 /* CommunityView.swift in Sources */,
				197FF3B52A34451F00EFF1AF /* SignInViewModel.swift in Sources */,
				19E71CCB2A38B856007F0D02 /* CustomFunction.swift in Sources */,
				191CFB112A4D9B3400D5848E /* SearchByIngredientsViewModel.swift in Sources */,
				19EE51CE2A3E3514006A423A /* EditProfileView.swift in Sources */,
				193B82172A49AA4600657409 /* Extension + RecipeByType.swift in Sources */,
				19F31A662A3C905D003529C7 /* RecipeCard.swift in Sources */,
				19F007702A50680000B7F0AC /* ShoppingViewModel.swift in Sources */,
				19E89AC12A3EDDBA00B05868 /* EditProfileViewModel.swift in Sources */,
				19D8B4632A4E1CB0002F109D /* RecipeFromSearchCard.swift in Sources */,
				19DB92302A39F66100757733 /* RecipesModels.swift in Sources */,
				19E3EBC62A42002900460F91 /* SearchRecipesViewModel.swift in Sources */,
				193E602D2A4CB19700E74DB6 /* RandomRecipeView.swift in Sources */,
				197C50DF2A3E243600E898B5 /* ProfileViewModel.swift in Sources */,
				19ECF2A92A45B9CE003FAA6F /* MainViewModel.swift in Sources */,
				19E71CCD2A38BBA7007F0D02 /* Extension + UIApplication.swift in Sources */,
				19F23FD32A3782EE003A4FC5 /* HomeView.swift in Sources */,
				198C9B0C2A35028F008285A3 /* RegisterView.swift in Sources */,
				19EE02B92A4AE714008B94E2 /* RecipeViewModel.swift in Sources */,
				19AF8A7B2A06768100388F8F /* CookifyApp.swift in Sources */,
				19F89C002A4C4078007806FC /* Extension + ProcessInfo.swift in Sources */,
				19EA648A2A4EE65200D848D4 /* ClearButton.swift in Sources */,
				19DB922E2A39E8E000757733 /* SpoonacularApiProvider.swift in Sources */,
				19E187C82A41BA3D001C7051 /* AuthorizedUser.swift in Sources */,
			);
			runOnlyForDeploymentPostprocessing = 0;
		};
/* End PBXSourcesBuildPhase section */

/* Begin XCBuildConfiguration section */
		19AF8A832A06768500388F8F /* Debug */ = {
			isa = XCBuildConfiguration;
			buildSettings = {
				ALWAYS_SEARCH_USER_PATHS = NO;
				CLANG_ANALYZER_NONNULL = YES;
				CLANG_ANALYZER_NUMBER_OBJECT_CONVERSION = YES_AGGRESSIVE;
				CLANG_CXX_LANGUAGE_STANDARD = "gnu++20";
				CLANG_ENABLE_MODULES = YES;
				CLANG_ENABLE_OBJC_ARC = YES;
				CLANG_ENABLE_OBJC_WEAK = YES;
				CLANG_WARN_BLOCK_CAPTURE_AUTORELEASING = YES;
				CLANG_WARN_BOOL_CONVERSION = YES;
				CLANG_WARN_COMMA = YES;
				CLANG_WARN_CONSTANT_CONVERSION = YES;
				CLANG_WARN_DEPRECATED_OBJC_IMPLEMENTATIONS = YES;
				CLANG_WARN_DIRECT_OBJC_ISA_USAGE = YES_ERROR;
				CLANG_WARN_DOCUMENTATION_COMMENTS = YES;
				CLANG_WARN_EMPTY_BODY = YES;
				CLANG_WARN_ENUM_CONVERSION = YES;
				CLANG_WARN_INFINITE_RECURSION = YES;
				CLANG_WARN_INT_CONVERSION = YES;
				CLANG_WARN_NON_LITERAL_NULL_CONVERSION = YES;
				CLANG_WARN_OBJC_IMPLICIT_RETAIN_SELF = YES;
				CLANG_WARN_OBJC_LITERAL_CONVERSION = YES;
				CLANG_WARN_OBJC_ROOT_CLASS = YES_ERROR;
				CLANG_WARN_QUOTED_INCLUDE_IN_FRAMEWORK_HEADER = YES;
				CLANG_WARN_RANGE_LOOP_ANALYSIS = YES;
				CLANG_WARN_STRICT_PROTOTYPES = YES;
				CLANG_WARN_SUSPICIOUS_MOVE = YES;
				CLANG_WARN_UNGUARDED_AVAILABILITY = YES_AGGRESSIVE;
				CLANG_WARN_UNREACHABLE_CODE = YES;
				CLANG_WARN__DUPLICATE_METHOD_MATCH = YES;
				COPY_PHASE_STRIP = NO;
				DEBUG_INFORMATION_FORMAT = dwarf;
				ENABLE_STRICT_OBJC_MSGSEND = YES;
				ENABLE_TESTABILITY = YES;
				GCC_C_LANGUAGE_STANDARD = gnu11;
				GCC_DYNAMIC_NO_PIC = NO;
				GCC_NO_COMMON_BLOCKS = YES;
				GCC_OPTIMIZATION_LEVEL = 0;
				GCC_PREPROCESSOR_DEFINITIONS = (
					"DEBUG=1",
					"$(inherited)",
				);
				GCC_WARN_64_TO_32_BIT_CONVERSION = YES;
				GCC_WARN_ABOUT_RETURN_TYPE = YES_ERROR;
				GCC_WARN_UNDECLARED_SELECTOR = YES;
				GCC_WARN_UNINITIALIZED_AUTOS = YES_AGGRESSIVE;
				GCC_WARN_UNUSED_FUNCTION = YES;
				GCC_WARN_UNUSED_VARIABLE = YES;
				IPHONEOS_DEPLOYMENT_TARGET = 16.2;
				MTL_ENABLE_DEBUG_INFO = INCLUDE_SOURCE;
				MTL_FAST_MATH = YES;
				ONLY_ACTIVE_ARCH = YES;
				SDKROOT = iphoneos;
				SWIFT_ACTIVE_COMPILATION_CONDITIONS = DEBUG;
				SWIFT_OPTIMIZATION_LEVEL = "-Onone";
			};
			name = Debug;
		};
		19AF8A842A06768500388F8F /* Release */ = {
			isa = XCBuildConfiguration;
			buildSettings = {
				ALWAYS_SEARCH_USER_PATHS = NO;
				CLANG_ANALYZER_NONNULL = YES;
				CLANG_ANALYZER_NUMBER_OBJECT_CONVERSION = YES_AGGRESSIVE;
				CLANG_CXX_LANGUAGE_STANDARD = "gnu++20";
				CLANG_ENABLE_MODULES = YES;
				CLANG_ENABLE_OBJC_ARC = YES;
				CLANG_ENABLE_OBJC_WEAK = YES;
				CLANG_WARN_BLOCK_CAPTURE_AUTORELEASING = YES;
				CLANG_WARN_BOOL_CONVERSION = YES;
				CLANG_WARN_COMMA = YES;
				CLANG_WARN_CONSTANT_CONVERSION = YES;
				CLANG_WARN_DEPRECATED_OBJC_IMPLEMENTATIONS = YES;
				CLANG_WARN_DIRECT_OBJC_ISA_USAGE = YES_ERROR;
				CLANG_WARN_DOCUMENTATION_COMMENTS = YES;
				CLANG_WARN_EMPTY_BODY = YES;
				CLANG_WARN_ENUM_CONVERSION = YES;
				CLANG_WARN_INFINITE_RECURSION = YES;
				CLANG_WARN_INT_CONVERSION = YES;
				CLANG_WARN_NON_LITERAL_NULL_CONVERSION = YES;
				CLANG_WARN_OBJC_IMPLICIT_RETAIN_SELF = YES;
				CLANG_WARN_OBJC_LITERAL_CONVERSION = YES;
				CLANG_WARN_OBJC_ROOT_CLASS = YES_ERROR;
				CLANG_WARN_QUOTED_INCLUDE_IN_FRAMEWORK_HEADER = YES;
				CLANG_WARN_RANGE_LOOP_ANALYSIS = YES;
				CLANG_WARN_STRICT_PROTOTYPES = YES;
				CLANG_WARN_SUSPICIOUS_MOVE = YES;
				CLANG_WARN_UNGUARDED_AVAILABILITY = YES_AGGRESSIVE;
				CLANG_WARN_UNREACHABLE_CODE = YES;
				CLANG_WARN__DUPLICATE_METHOD_MATCH = YES;
				COPY_PHASE_STRIP = NO;
				DEBUG_INFORMATION_FORMAT = "dwarf-with-dsym";
				ENABLE_NS_ASSERTIONS = NO;
				ENABLE_STRICT_OBJC_MSGSEND = YES;
				GCC_C_LANGUAGE_STANDARD = gnu11;
				GCC_NO_COMMON_BLOCKS = YES;
				GCC_WARN_64_TO_32_BIT_CONVERSION = YES;
				GCC_WARN_ABOUT_RETURN_TYPE = YES_ERROR;
				GCC_WARN_UNDECLARED_SELECTOR = YES;
				GCC_WARN_UNINITIALIZED_AUTOS = YES_AGGRESSIVE;
				GCC_WARN_UNUSED_FUNCTION = YES;
				GCC_WARN_UNUSED_VARIABLE = YES;
				IPHONEOS_DEPLOYMENT_TARGET = 16.2;
				MTL_ENABLE_DEBUG_INFO = NO;
				MTL_FAST_MATH = YES;
				SDKROOT = iphoneos;
				SWIFT_COMPILATION_MODE = wholemodule;
				SWIFT_OPTIMIZATION_LEVEL = "-O";
				VALIDATE_PRODUCT = YES;
			};
			name = Release;
		};
		19AF8A862A06768500388F8F /* Debug */ = {
			isa = XCBuildConfiguration;
			buildSettings = {
				ASSETCATALOG_COMPILER_APPICON_NAME = AppIcon;
				ASSETCATALOG_COMPILER_GLOBAL_ACCENT_COLOR_NAME = AccentColor;
				CODE_SIGN_STYLE = Automatic;
				CURRENT_PROJECT_VERSION = 1;
				DEVELOPMENT_ASSET_PATHS = "\"Cookify/Preview Content\"";
				DEVELOPMENT_TEAM = C4QZKCN6PP;
				ENABLE_PREVIEWS = YES;
				GENERATE_INFOPLIST_FILE = YES;
				INFOPLIST_FILE = Cookify/SupportingFiles/Info.plist;
				INFOPLIST_KEY_UIApplicationSupportsIndirectInputEvents = YES;
				INFOPLIST_KEY_UILaunchScreen_Generation = YES;
				INFOPLIST_KEY_UILaunchStoryboardName = "Launch Screen.storyboard";
				INFOPLIST_KEY_UISupportedInterfaceOrientations = UIInterfaceOrientationPortrait;
				LD_RUNPATH_SEARCH_PATHS = (
					"$(inherited)",
					"@executable_path/Frameworks",
				);
				MARKETING_VERSION = 1.0;
				PRODUCT_BUNDLE_IDENTIFIER = cookify.com.Cookify;
				PRODUCT_NAME = "$(TARGET_NAME)";
				SWIFT_EMIT_LOC_STRINGS = YES;
				SWIFT_VERSION = 5.0;
				TARGETED_DEVICE_FAMILY = "1,2";
			};
			name = Debug;
		};
		19AF8A872A06768500388F8F /* Release */ = {
			isa = XCBuildConfiguration;
			buildSettings = {
				ASSETCATALOG_COMPILER_APPICON_NAME = AppIcon;
				ASSETCATALOG_COMPILER_GLOBAL_ACCENT_COLOR_NAME = AccentColor;
				CODE_SIGN_STYLE = Automatic;
				CURRENT_PROJECT_VERSION = 1;
				DEVELOPMENT_ASSET_PATHS = "\"Cookify/Preview Content\"";
				DEVELOPMENT_TEAM = C4QZKCN6PP;
				ENABLE_PREVIEWS = YES;
				GENERATE_INFOPLIST_FILE = YES;
				INFOPLIST_FILE = Cookify/SupportingFiles/Info.plist;
				INFOPLIST_KEY_UIApplicationSupportsIndirectInputEvents = YES;
				INFOPLIST_KEY_UILaunchScreen_Generation = YES;
				INFOPLIST_KEY_UILaunchStoryboardName = "Launch Screen.storyboard";
				INFOPLIST_KEY_UISupportedInterfaceOrientations = UIInterfaceOrientationPortrait;
				LD_RUNPATH_SEARCH_PATHS = (
					"$(inherited)",
					"@executable_path/Frameworks",
				);
				MARKETING_VERSION = 1.0;
				PRODUCT_BUNDLE_IDENTIFIER = cookify.com.Cookify;
				PRODUCT_NAME = "$(TARGET_NAME)";
				SWIFT_EMIT_LOC_STRINGS = YES;
				SWIFT_VERSION = 5.0;
				TARGETED_DEVICE_FAMILY = "1,2";
			};
			name = Release;
		};
/* End XCBuildConfiguration section */

/* Begin XCConfigurationList section */
		19AF8A722A06768100388F8F /* Build configuration list for PBXProject "Cookify" */ = {
			isa = XCConfigurationList;
			buildConfigurations = (
				19AF8A832A06768500388F8F /* Debug */,
				19AF8A842A06768500388F8F /* Release */,
			);
			defaultConfigurationIsVisible = 0;
			defaultConfigurationName = Release;
		};
		19AF8A852A06768500388F8F /* Build configuration list for PBXNativeTarget "Cookify" */ = {
			isa = XCConfigurationList;
			buildConfigurations = (
				19AF8A862A06768500388F8F /* Debug */,
				19AF8A872A06768500388F8F /* Release */,
			);
			defaultConfigurationIsVisible = 0;
			defaultConfigurationName = Release;
		};
/* End XCConfigurationList section */

/* Begin XCRemoteSwiftPackageReference section */
		19798A132A36059800D73BE4 /* XCRemoteSwiftPackageReference "firebase-ios-sdk" */ = {
			isa = XCRemoteSwiftPackageReference;
			repositoryURL = "https://github.com/firebase/firebase-ios-sdk.git";
			requirement = {
				kind = upToNextMajorVersion;
				minimumVersion = 9.0.0;
			};
		};
		19DB92272A39E2FD00757733 /* XCRemoteSwiftPackageReference "Moya" */ = {
			isa = XCRemoteSwiftPackageReference;
			repositoryURL = "https://github.com/Moya/Moya.git";
			requirement = {
				kind = upToNextMajorVersion;
				minimumVersion = 15.0.0;
			};
		};
		19E71CC52A38B657007F0D02 /* XCRemoteSwiftPackageReference "GoogleSignIn-iOS" */ = {
			isa = XCRemoteSwiftPackageReference;
			repositoryURL = "https://github.com/google/GoogleSignIn-iOS.git";
			requirement = {
				kind = upToNextMajorVersion;
				minimumVersion = 7.0.0;
			};
		};
		19FAB8292A3B213800D9C00D /* XCRemoteSwiftPackageReference "SDWebImageSwiftUI" */ = {
			isa = XCRemoteSwiftPackageReference;
			repositoryURL = "https://github.com/SDWebImage/SDWebImageSwiftUI.git";
			requirement = {
				kind = upToNextMajorVersion;
				minimumVersion = 2.0.0;
			};
		};
/* End XCRemoteSwiftPackageReference section */

/* Begin XCSwiftPackageProductDependency section */
		19798A142A36059900D73BE4 /* FirebaseAuth */ = {
			isa = XCSwiftPackageProductDependency;
			package = 19798A132A36059800D73BE4 /* XCRemoteSwiftPackageReference "firebase-ios-sdk" */;
			productName = FirebaseAuth;
		};
		19798A162A36059900D73BE4 /* FirebaseFirestore */ = {
			isa = XCSwiftPackageProductDependency;
			package = 19798A132A36059800D73BE4 /* XCRemoteSwiftPackageReference "firebase-ios-sdk" */;
			productName = FirebaseFirestore;
		};
		19798A182A36059900D73BE4 /* FirebaseStorage */ = {
			isa = XCSwiftPackageProductDependency;
			package = 19798A132A36059800D73BE4 /* XCRemoteSwiftPackageReference "firebase-ios-sdk" */;
			productName = FirebaseStorage;
		};
		19DB92282A39E2FD00757733 /* Moya */ = {
			isa = XCSwiftPackageProductDependency;
			package = 19DB92272A39E2FD00757733 /* XCRemoteSwiftPackageReference "Moya" */;
			productName = Moya;
		};
		19E0B77E2A371A6600BB626D /* FirebaseFirestoreSwift */ = {
			isa = XCSwiftPackageProductDependency;
			package = 19798A132A36059800D73BE4 /* XCRemoteSwiftPackageReference "firebase-ios-sdk" */;
			productName = FirebaseFirestoreSwift;
		};
		19E71CC62A38B657007F0D02 /* GoogleSignIn */ = {
			isa = XCSwiftPackageProductDependency;
			package = 19E71CC52A38B657007F0D02 /* XCRemoteSwiftPackageReference "GoogleSignIn-iOS" */;
			productName = GoogleSignIn;
		};
		19E71CC82A38B657007F0D02 /* GoogleSignInSwift */ = {
			isa = XCSwiftPackageProductDependency;
			package = 19E71CC52A38B657007F0D02 /* XCRemoteSwiftPackageReference "GoogleSignIn-iOS" */;
			productName = GoogleSignInSwift;
		};
		19FAB82A2A3B213900D9C00D /* SDWebImageSwiftUI */ = {
			isa = XCSwiftPackageProductDependency;
			package = 19FAB8292A3B213800D9C00D /* XCRemoteSwiftPackageReference "SDWebImageSwiftUI" */;
			productName = SDWebImageSwiftUI;
		};
/* End XCSwiftPackageProductDependency section */
	};
	rootObject = 19AF8A6F2A06768100388F8F /* Project object */;
}
