// !$*UTF8*$!
{
	archiveVersion = 1;
	classes = {
	};
	objectVersion = 56;
	objects = {

/* Begin PBXBuildFile section */
		197FF1CC2A323A5900A812AA /* Jost-SemiBold.ttf in Resources */ = {isa = PBXBuildFile; fileRef = 197FF1CB2A323A5900A812AA /* Jost-SemiBold.ttf */; };
		197FF1CE2A323AA300A812AA /* Cookie-Regular.ttf in Resources */ = {isa = PBXBuildFile; fileRef = 197FF1CD2A323AA300A812AA /* Cookie-Regular.ttf */; };
		197FF1D22A323AC000A812AA /* Jost-Bold.ttf in Resources */ = {isa = PBXBuildFile; fileRef = 197FF1CF2A323AC000A812AA /* Jost-Bold.ttf */; };
		197FF1D32A323AC000A812AA /* Jost-Light.ttf in Resources */ = {isa = PBXBuildFile; fileRef = 197FF1D02A323AC000A812AA /* Jost-Light.ttf */; };
		197FF1D42A323AC000A812AA /* Jost-Medium.ttf in Resources */ = {isa = PBXBuildFile; fileRef = 197FF1D12A323AC000A812AA /* Jost-Medium.ttf */; };
		197FF3B12A32488D00EFF1AF /* CustomTextField.swift in Sources */ = {isa = PBXBuildFile; fileRef = 197FF3B02A32488D00EFF1AF /* CustomTextField.swift */; };
		197FF3B32A33723800EFF1AF /* MainView.swift in Sources */ = {isa = PBXBuildFile; fileRef = 197FF3B22A33723800EFF1AF /* MainView.swift */; };
		1980C0082A31F91D00F95A72 /* CustomButton.swift in Sources */ = {isa = PBXBuildFile; fileRef = 1980C0072A31F91D00F95A72 /* CustomButton.swift */; };
		198F1C562A2FBCE900AF53D0 /* OnboardingViewModel.swift in Sources */ = {isa = PBXBuildFile; fileRef = 198F1C552A2FBCE900AF53D0 /* OnboardingViewModel.swift */; };
		1993F0172A2F753600207E14 /* Launch Screen.storyboard in Resources */ = {isa = PBXBuildFile; fileRef = 1993F0162A2F753600207E14 /* Launch Screen.storyboard */; };
		19943BC82A2FA197009E9BCC /* OnboardingView.swift in Sources */ = {isa = PBXBuildFile; fileRef = 19943BC72A2FA197009E9BCC /* OnboardingView.swift */; };
		19943BCB2A2FA2A6009E9BCC /* Extension + Font.swift in Sources */ = {isa = PBXBuildFile; fileRef = 19943BCA2A2FA2A6009E9BCC /* Extension + Font.swift */; };
		199747422A31EE44004D657C /* SignInView.swift in Sources */ = {isa = PBXBuildFile; fileRef = 199747412A31EE44004D657C /* SignInView.swift */; };
		19AF33442A30F73500DD252D /* Extension + Color.swift in Sources */ = {isa = PBXBuildFile; fileRef = 19AF33432A30F73500DD252D /* Extension + Color.swift */; };
		19AF8A7B2A06768100388F8F /* CookifyApp.swift in Sources */ = {isa = PBXBuildFile; fileRef = 19AF8A7A2A06768100388F8F /* CookifyApp.swift */; };
		19AF8A7D2A06768100388F8F /* ContentView.swift in Sources */ = {isa = PBXBuildFile; fileRef = 19AF8A7C2A06768100388F8F /* ContentView.swift */; };
		19AF8A7F2A06768500388F8F /* Assets.xcassets in Resources */ = {isa = PBXBuildFile; fileRef = 19AF8A7E2A06768500388F8F /* Assets.xcassets */; };
		19AF8A822A06768500388F8F /* Preview Assets.xcassets in Resources */ = {isa = PBXBuildFile; fileRef = 19AF8A812A06768500388F8F /* Preview Assets.xcassets */; };
/* End PBXBuildFile section */

/* Begin PBXFileReference section */
		197FF1CB2A323A5900A812AA /* Jost-SemiBold.ttf */ = {isa = PBXFileReference; lastKnownFileType = file; name = "Jost-SemiBold.ttf"; path = "../../../../../../Desktop/Jost-SemiBold.ttf"; sourceTree = "<group>"; };
		197FF1CD2A323AA300A812AA /* Cookie-Regular.ttf */ = {isa = PBXFileReference; lastKnownFileType = file; name = "Cookie-Regular.ttf"; path = "../../../../../../Desktop/Cookie-Regular.ttf"; sourceTree = "<group>"; };
		197FF1CF2A323AC000A812AA /* Jost-Bold.ttf */ = {isa = PBXFileReference; lastKnownFileType = file; name = "Jost-Bold.ttf"; path = "../../../../../../Desktop/Jost-Bold.ttf"; sourceTree = "<group>"; };
		197FF1D02A323AC000A812AA /* Jost-Light.ttf */ = {isa = PBXFileReference; lastKnownFileType = file; name = "Jost-Light.ttf"; path = "../../../../../../Desktop/Jost-Light.ttf"; sourceTree = "<group>"; };
		197FF1D12A323AC000A812AA /* Jost-Medium.ttf */ = {isa = PBXFileReference; lastKnownFileType = file; name = "Jost-Medium.ttf"; path = "../../../../../../Desktop/Jost-Medium.ttf"; sourceTree = "<group>"; };
		197FF3B02A32488D00EFF1AF /* CustomTextField.swift */ = {isa = PBXFileReference; lastKnownFileType = sourcecode.swift; path = CustomTextField.swift; sourceTree = "<group>"; };
		197FF3B22A33723800EFF1AF /* MainView.swift */ = {isa = PBXFileReference; lastKnownFileType = sourcecode.swift; path = MainView.swift; sourceTree = "<group>"; };
		1980C0072A31F91D00F95A72 /* CustomButton.swift */ = {isa = PBXFileReference; lastKnownFileType = sourcecode.swift; path = CustomButton.swift; sourceTree = "<group>"; };
		198F1C552A2FBCE900AF53D0 /* OnboardingViewModel.swift */ = {isa = PBXFileReference; lastKnownFileType = sourcecode.swift; path = OnboardingViewModel.swift; sourceTree = "<group>"; };
		1993F0152A2F6DFF00207E14 /* Info.plist */ = {isa = PBXFileReference; lastKnownFileType = text.plist.xml; path = Info.plist; sourceTree = "<group>"; };
		1993F0162A2F753600207E14 /* Launch Screen.storyboard */ = {isa = PBXFileReference; lastKnownFileType = file.storyboard; path = "Launch Screen.storyboard"; sourceTree = "<group>"; };
		19943BC72A2FA197009E9BCC /* OnboardingView.swift */ = {isa = PBXFileReference; lastKnownFileType = sourcecode.swift; path = OnboardingView.swift; sourceTree = "<group>"; };
		19943BCA2A2FA2A6009E9BCC /* Extension + Font.swift */ = {isa = PBXFileReference; lastKnownFileType = sourcecode.swift; path = "Extension + Font.swift"; sourceTree = "<group>"; };
		199747412A31EE44004D657C /* SignInView.swift */ = {isa = PBXFileReference; lastKnownFileType = sourcecode.swift; path = SignInView.swift; sourceTree = "<group>"; };
		19AF33432A30F73500DD252D /* Extension + Color.swift */ = {isa = PBXFileReference; lastKnownFileType = sourcecode.swift; path = "Extension + Color.swift"; sourceTree = "<group>"; };
		19AF8A772A06768100388F8F /* Cookify.app */ = {isa = PBXFileReference; explicitFileType = wrapper.application; includeInIndex = 0; path = Cookify.app; sourceTree = BUILT_PRODUCTS_DIR; };
		19AF8A7A2A06768100388F8F /* CookifyApp.swift */ = {isa = PBXFileReference; lastKnownFileType = sourcecode.swift; path = CookifyApp.swift; sourceTree = "<group>"; };
		19AF8A7C2A06768100388F8F /* ContentView.swift */ = {isa = PBXFileReference; lastKnownFileType = sourcecode.swift; path = ContentView.swift; sourceTree = "<group>"; };
		19AF8A7E2A06768500388F8F /* Assets.xcassets */ = {isa = PBXFileReference; lastKnownFileType = folder.assetcatalog; path = Assets.xcassets; sourceTree = "<group>"; };
		19AF8A812A06768500388F8F /* Preview Assets.xcassets */ = {isa = PBXFileReference; lastKnownFileType = folder.assetcatalog; path = "Preview Assets.xcassets"; sourceTree = "<group>"; };
/* End PBXFileReference section */

/* Begin PBXFrameworksBuildPhase section */
		19AF8A742A06768100388F8F /* Frameworks */ = {
			isa = PBXFrameworksBuildPhase;
			buildActionMask = 2147483647;
			files = (
			);
			runOnlyForDeploymentPostprocessing = 0;
		};
/* End PBXFrameworksBuildPhase section */

/* Begin PBXGroup section */
		1980C0062A31F8FF00F95A72 /* Components */ = {
			isa = PBXGroup;
			children = (
				1980C0072A31F91D00F95A72 /* CustomButton.swift */,
				197FF3B02A32488D00EFF1AF /* CustomTextField.swift */,
			);
			path = Components;
			sourceTree = "<group>";
		};
		1983161E2A2FB4D600F03959 /* Onboarding */ = {
			isa = PBXGroup;
			children = (
				19943BC72A2FA197009E9BCC /* OnboardingView.swift */,
			);
			path = Onboarding;
			sourceTree = "<group>";
		};
		1993F00F2A2F6D2900207E14 /* Fonts */ = {
			isa = PBXGroup;
			children = (
				197FF1CF2A323AC000A812AA /* Jost-Bold.ttf */,
				197FF1D02A323AC000A812AA /* Jost-Light.ttf */,
				197FF1D12A323AC000A812AA /* Jost-Medium.ttf */,
				197FF1CD2A323AA300A812AA /* Cookie-Regular.ttf */,
				197FF1CB2A323A5900A812AA /* Jost-SemiBold.ttf */,
			);
			path = Fonts;
			sourceTree = "<group>";
		};
		19943BC42A2FA120009E9BCC /* Views */ = {
			isa = PBXGroup;
			children = (
				19AF8A7C2A06768100388F8F /* ContentView.swift */,
				1983161E2A2FB4D600F03959 /* Onboarding */,
				199747432A31EE59004D657C /* SignIn */,
				197FF3B22A33723800EFF1AF /* MainView.swift */,
			);
			path = Views;
			sourceTree = "<group>";
		};
		19943BC62A2FA134009E9BCC /* ViewModels */ = {
			isa = PBXGroup;
			children = (
				198F1C552A2FBCE900AF53D0 /* OnboardingViewModel.swift */,
			);
			path = ViewModels;
			sourceTree = "<group>";
		};
		19943BC92A2FA28C009E9BCC /* Extensions */ = {
			isa = PBXGroup;
			children = (
				19943BCA2A2FA2A6009E9BCC /* Extension + Font.swift */,
				19AF33432A30F73500DD252D /* Extension + Color.swift */,
			);
			path = Extensions;
			sourceTree = "<group>";
		};
		199747432A31EE59004D657C /* SignIn */ = {
			isa = PBXGroup;
			children = (
				199747412A31EE44004D657C /* SignInView.swift */,
			);
			path = SignIn;
			sourceTree = "<group>";
		};
		19AF33412A30F23800DD252D /* Resources */ = {
			isa = PBXGroup;
			children = (
				19AF8A7E2A06768500388F8F /* Assets.xcassets */,
				1993F00F2A2F6D2900207E14 /* Fonts */,
			);
			path = Resources;
			sourceTree = "<group>";
		};
		19AF33422A30F28400DD252D /* SupportingFiles */ = {
			isa = PBXGroup;
			children = (
				1993F0152A2F6DFF00207E14 /* Info.plist */,
				1993F0162A2F753600207E14 /* Launch Screen.storyboard */,
				19AF8A7A2A06768100388F8F /* CookifyApp.swift */,
			);
			path = SupportingFiles;
			sourceTree = "<group>";
		};
		19AF8A6E2A06768100388F8F = {
			isa = PBXGroup;
			children = (
				19AF8A792A06768100388F8F /* Cookify */,
				19AF8A782A06768100388F8F /* Products */,
			);
			sourceTree = "<group>";
		};
		19AF8A782A06768100388F8F /* Products */ = {
			isa = PBXGroup;
			children = (
				19AF8A772A06768100388F8F /* Cookify.app */,
			);
			name = Products;
			sourceTree = "<group>";
		};
		19AF8A792A06768100388F8F /* Cookify */ = {
			isa = PBXGroup;
			children = (
				1980C0062A31F8FF00F95A72 /* Components */,
				19943BC92A2FA28C009E9BCC /* Extensions */,
				19943BC62A2FA134009E9BCC /* ViewModels */,
				19943BC42A2FA120009E9BCC /* Views */,
				19AF33422A30F28400DD252D /* SupportingFiles */,
				19AF33412A30F23800DD252D /* Resources */,
				19AF8A802A06768500388F8F /* Preview Content */,
			);
			path = Cookify;
			sourceTree = "<group>";
		};
		19AF8A802A06768500388F8F /* Preview Content */ = {
			isa = PBXGroup;
			children = (
				19AF8A812A06768500388F8F /* Preview Assets.xcassets */,
			);
			path = "Preview Content";
			sourceTree = "<group>";
		};
/* End PBXGroup section */

/* Begin PBXNativeTarget section */
		19AF8A762A06768100388F8F /* Cookify */ = {
			isa = PBXNativeTarget;
			buildConfigurationList = 19AF8A852A06768500388F8F /* Build configuration list for PBXNativeTarget "Cookify" */;
			buildPhases = (
				19AF8A732A06768100388F8F /* Sources */,
				19AF8A742A06768100388F8F /* Frameworks */,
				19AF8A752A06768100388F8F /* Resources */,
			);
			buildRules = (
			);
			dependencies = (
			);
			name = Cookify;
			productName = Cookify;
			productReference = 19AF8A772A06768100388F8F /* Cookify.app */;
			productType = "com.apple.product-type.application";
		};
/* End PBXNativeTarget section */

/* Begin PBXProject section */
		19AF8A6F2A06768100388F8F /* Project object */ = {
			isa = PBXProject;
			attributes = {
				BuildIndependentTargetsInParallel = 1;
				LastSwiftUpdateCheck = 1420;
				LastUpgradeCheck = 1420;
				TargetAttributes = {
					19AF8A762A06768100388F8F = {
						CreatedOnToolsVersion = 14.2;
					};
				};
			};
			buildConfigurationList = 19AF8A722A06768100388F8F /* Build configuration list for PBXProject "Cookify" */;
			compatibilityVersion = "Xcode 14.0";
			developmentRegion = en;
			hasScannedForEncodings = 0;
			knownRegions = (
				en,
				Base,
			);
			mainGroup = 19AF8A6E2A06768100388F8F;
			productRefGroup = 19AF8A782A06768100388F8F /* Products */;
			projectDirPath = "";
			projectRoot = "";
			targets = (
				19AF8A762A06768100388F8F /* Cookify */,
			);
		};
/* End PBXProject section */

/* Begin PBXResourcesBuildPhase section */
		19AF8A752A06768100388F8F /* Resources */ = {
			isa = PBXResourcesBuildPhase;
			buildActionMask = 2147483647;
			files = (
				1993F0172A2F753600207E14 /* Launch Screen.storyboard in Resources */,
				197FF1D42A323AC000A812AA /* Jost-Medium.ttf in Resources */,
				197FF1CC2A323A5900A812AA /* Jost-SemiBold.ttf in Resources */,
				19AF8A822A06768500388F8F /* Preview Assets.xcassets in Resources */,
				197FF1D22A323AC000A812AA /* Jost-Bold.ttf in Resources */,
				19AF8A7F2A06768500388F8F /* Assets.xcassets in Resources */,
				197FF1CE2A323AA300A812AA /* Cookie-Regular.ttf in Resources */,
				197FF1D32A323AC000A812AA /* Jost-Light.ttf in Resources */,
			);
			runOnlyForDeploymentPostprocessing = 0;
		};
/* End PBXResourcesBuildPhase section */

/* Begin PBXSourcesBuildPhase section */
		19AF8A732A06768100388F8F /* Sources */ = {
			isa = PBXSourcesBuildPhase;
			buildActionMask = 2147483647;
			files = (
				19943BCB2A2FA2A6009E9BCC /* Extension + Font.swift in Sources */,
				198F1C562A2FBCE900AF53D0 /* OnboardingViewModel.swift in Sources */,
				19AF33442A30F73500DD252D /* Extension + Color.swift in Sources */,
				197FF3B32A33723800EFF1AF /* MainView.swift in Sources */,
				197FF3B12A32488D00EFF1AF /* CustomTextField.swift in Sources */,
				19943BC82A2FA197009E9BCC /* OnboardingView.swift in Sources */,
				19AF8A7D2A06768100388F8F /* ContentView.swift in Sources */,
				199747422A31EE44004D657C /* SignInView.swift in Sources */,
				1980C0082A31F91D00F95A72 /* CustomButton.swift in Sources */,
				19AF8A7B2A06768100388F8F /* CookifyApp.swift in Sources */,
			);
			runOnlyForDeploymentPostprocessing = 0;
		};
/* End PBXSourcesBuildPhase section */

/* Begin XCBuildConfiguration section */
		19AF8A832A06768500388F8F /* Debug */ = {
			isa = XCBuildConfiguration;
			buildSettings = {
				ALWAYS_SEARCH_USER_PATHS = NO;
				CLANG_ANALYZER_NONNULL = YES;
				CLANG_ANALYZER_NUMBER_OBJECT_CONVERSION = YES_AGGRESSIVE;
				CLANG_CXX_LANGUAGE_STANDARD = "gnu++20";
				CLANG_ENABLE_MODULES = YES;
				CLANG_ENABLE_OBJC_ARC = YES;
				CLANG_ENABLE_OBJC_WEAK = YES;
				CLANG_WARN_BLOCK_CAPTURE_AUTORELEASING = YES;
				CLANG_WARN_BOOL_CONVERSION = YES;
				CLANG_WARN_COMMA = YES;
				CLANG_WARN_CONSTANT_CONVERSION = YES;
				CLANG_WARN_DEPRECATED_OBJC_IMPLEMENTATIONS = YES;
				CLANG_WARN_DIRECT_OBJC_ISA_USAGE = YES_ERROR;
				CLANG_WARN_DOCUMENTATION_COMMENTS = YES;
				CLANG_WARN_EMPTY_BODY = YES;
				CLANG_WARN_ENUM_CONVERSION = YES;
				CLANG_WARN_INFINITE_RECURSION = YES;
				CLANG_WARN_INT_CONVERSION = YES;
				CLANG_WARN_NON_LITERAL_NULL_CONVERSION = YES;
				CLANG_WARN_OBJC_IMPLICIT_RETAIN_SELF = YES;
				CLANG_WARN_OBJC_LITERAL_CONVERSION = YES;
				CLANG_WARN_OBJC_ROOT_CLASS = YES_ERROR;
				CLANG_WARN_QUOTED_INCLUDE_IN_FRAMEWORK_HEADER = YES;
				CLANG_WARN_RANGE_LOOP_ANALYSIS = YES;
				CLANG_WARN_STRICT_PROTOTYPES = YES;
				CLANG_WARN_SUSPICIOUS_MOVE = YES;
				CLANG_WARN_UNGUARDED_AVAILABILITY = YES_AGGRESSIVE;
				CLANG_WARN_UNREACHABLE_CODE = YES;
				CLANG_WARN__DUPLICATE_METHOD_MATCH = YES;
				COPY_PHASE_STRIP = NO;
				DEBUG_INFORMATION_FORMAT = dwarf;
				ENABLE_STRICT_OBJC_MSGSEND = YES;
				ENABLE_TESTABILITY = YES;
				GCC_C_LANGUAGE_STANDARD = gnu11;
				GCC_DYNAMIC_NO_PIC = NO;
				GCC_NO_COMMON_BLOCKS = YES;
				GCC_OPTIMIZATION_LEVEL = 0;
				GCC_PREPROCESSOR_DEFINITIONS = (
					"DEBUG=1",
					"$(inherited)",
				);
				GCC_WARN_64_TO_32_BIT_CONVERSION = YES;
				GCC_WARN_ABOUT_RETURN_TYPE = YES_ERROR;
				GCC_WARN_UNDECLARED_SELECTOR = YES;
				GCC_WARN_UNINITIALIZED_AUTOS = YES_AGGRESSIVE;
				GCC_WARN_UNUSED_FUNCTION = YES;
				GCC_WARN_UNUSED_VARIABLE = YES;
				IPHONEOS_DEPLOYMENT_TARGET = 16.2;
				MTL_ENABLE_DEBUG_INFO = INCLUDE_SOURCE;
				MTL_FAST_MATH = YES;
				ONLY_ACTIVE_ARCH = YES;
				SDKROOT = iphoneos;
				SWIFT_ACTIVE_COMPILATION_CONDITIONS = DEBUG;
				SWIFT_OPTIMIZATION_LEVEL = "-Onone";
			};
			name = Debug;
		};
		19AF8A842A06768500388F8F /* Release */ = {
			isa = XCBuildConfiguration;
			buildSettings = {
				ALWAYS_SEARCH_USER_PATHS = NO;
				CLANG_ANALYZER_NONNULL = YES;
				CLANG_ANALYZER_NUMBER_OBJECT_CONVERSION = YES_AGGRESSIVE;
				CLANG_CXX_LANGUAGE_STANDARD = "gnu++20";
				CLANG_ENABLE_MODULES = YES;
				CLANG_ENABLE_OBJC_ARC = YES;
				CLANG_ENABLE_OBJC_WEAK = YES;
				CLANG_WARN_BLOCK_CAPTURE_AUTORELEASING = YES;
				CLANG_WARN_BOOL_CONVERSION = YES;
				CLANG_WARN_COMMA = YES;
				CLANG_WARN_CONSTANT_CONVERSION = YES;
				CLANG_WARN_DEPRECATED_OBJC_IMPLEMENTATIONS = YES;
				CLANG_WARN_DIRECT_OBJC_ISA_USAGE = YES_ERROR;
				CLANG_WARN_DOCUMENTATION_COMMENTS = YES;
				CLANG_WARN_EMPTY_BODY = YES;
				CLANG_WARN_ENUM_CONVERSION = YES;
				CLANG_WARN_INFINITE_RECURSION = YES;
				CLANG_WARN_INT_CONVERSION = YES;
				CLANG_WARN_NON_LITERAL_NULL_CONVERSION = YES;
				CLANG_WARN_OBJC_IMPLICIT_RETAIN_SELF = YES;
				CLANG_WARN_OBJC_LITERAL_CONVERSION = YES;
				CLANG_WARN_OBJC_ROOT_CLASS = YES_ERROR;
				CLANG_WARN_QUOTED_INCLUDE_IN_FRAMEWORK_HEADER = YES;
				CLANG_WARN_RANGE_LOOP_ANALYSIS = YES;
				CLANG_WARN_STRICT_PROTOTYPES = YES;
				CLANG_WARN_SUSPICIOUS_MOVE = YES;
				CLANG_WARN_UNGUARDED_AVAILABILITY = YES_AGGRESSIVE;
				CLANG_WARN_UNREACHABLE_CODE = YES;
				CLANG_WARN__DUPLICATE_METHOD_MATCH = YES;
				COPY_PHASE_STRIP = NO;
				DEBUG_INFORMATION_FORMAT = "dwarf-with-dsym";
				ENABLE_NS_ASSERTIONS = NO;
				ENABLE_STRICT_OBJC_MSGSEND = YES;
				GCC_C_LANGUAGE_STANDARD = gnu11;
				GCC_NO_COMMON_BLOCKS = YES;
				GCC_WARN_64_TO_32_BIT_CONVERSION = YES;
				GCC_WARN_ABOUT_RETURN_TYPE = YES_ERROR;
				GCC_WARN_UNDECLARED_SELECTOR = YES;
				GCC_WARN_UNINITIALIZED_AUTOS = YES_AGGRESSIVE;
				GCC_WARN_UNUSED_FUNCTION = YES;
				GCC_WARN_UNUSED_VARIABLE = YES;
				IPHONEOS_DEPLOYMENT_TARGET = 16.2;
				MTL_ENABLE_DEBUG_INFO = NO;
				MTL_FAST_MATH = YES;
				SDKROOT = iphoneos;
				SWIFT_COMPILATION_MODE = wholemodule;
				SWIFT_OPTIMIZATION_LEVEL = "-O";
				VALIDATE_PRODUCT = YES;
			};
			name = Release;
		};
		19AF8A862A06768500388F8F /* Debug */ = {
			isa = XCBuildConfiguration;
			buildSettings = {
				ASSETCATALOG_COMPILER_APPICON_NAME = AppIcon;
				ASSETCATALOG_COMPILER_GLOBAL_ACCENT_COLOR_NAME = AccentColor;
				CODE_SIGN_STYLE = Automatic;
				CURRENT_PROJECT_VERSION = 1;
				DEVELOPMENT_ASSET_PATHS = "\"Cookify/Preview Content\"";
				DEVELOPMENT_TEAM = C4QZKCN6PP;
				ENABLE_PREVIEWS = YES;
				GENERATE_INFOPLIST_FILE = YES;
				INFOPLIST_FILE = Cookify/SupportingFiles/Info.plist;
				INFOPLIST_KEY_UIApplicationSupportsIndirectInputEvents = YES;
				INFOPLIST_KEY_UILaunchScreen_Generation = YES;
				INFOPLIST_KEY_UILaunchStoryboardName = "Launch Screen.storyboard";
				INFOPLIST_KEY_UISupportedInterfaceOrientations = UIInterfaceOrientationPortrait;
				LD_RUNPATH_SEARCH_PATHS = (
					"$(inherited)",
					"@executable_path/Frameworks",
				);
				MARKETING_VERSION = 1.0;
				PRODUCT_BUNDLE_IDENTIFIER = cookify.com.Cookify;
				PRODUCT_NAME = "$(TARGET_NAME)";
				SWIFT_EMIT_LOC_STRINGS = YES;
				SWIFT_VERSION = 5.0;
				TARGETED_DEVICE_FAMILY = "1,2";
			};
			name = Debug;
		};
		19AF8A872A06768500388F8F /* Release */ = {
			isa = XCBuildConfiguration;
			buildSettings = {
				ASSETCATALOG_COMPILER_APPICON_NAME = AppIcon;
				ASSETCATALOG_COMPILER_GLOBAL_ACCENT_COLOR_NAME = AccentColor;
				CODE_SIGN_STYLE = Automatic;
				CURRENT_PROJECT_VERSION = 1;
				DEVELOPMENT_ASSET_PATHS = "\"Cookify/Preview Content\"";
				DEVELOPMENT_TEAM = C4QZKCN6PP;
				ENABLE_PREVIEWS = YES;
				GENERATE_INFOPLIST_FILE = YES;
				INFOPLIST_FILE = Cookify/SupportingFiles/Info.plist;
				INFOPLIST_KEY_UIApplicationSupportsIndirectInputEvents = YES;
				INFOPLIST_KEY_UILaunchScreen_Generation = YES;
				INFOPLIST_KEY_UILaunchStoryboardName = "Launch Screen.storyboard";
				INFOPLIST_KEY_UISupportedInterfaceOrientations = UIInterfaceOrientationPortrait;
				LD_RUNPATH_SEARCH_PATHS = (
					"$(inherited)",
					"@executable_path/Frameworks",
				);
				MARKETING_VERSION = 1.0;
				PRODUCT_BUNDLE_IDENTIFIER = cookify.com.Cookify;
				PRODUCT_NAME = "$(TARGET_NAME)";
				SWIFT_EMIT_LOC_STRINGS = YES;
				SWIFT_VERSION = 5.0;
				TARGETED_DEVICE_FAMILY = "1,2";
			};
			name = Release;
		};
/* End XCBuildConfiguration section */

/* Begin XCConfigurationList section */
		19AF8A722A06768100388F8F /* Build configuration list for PBXProject "Cookify" */ = {
			isa = XCConfigurationList;
			buildConfigurations = (
				19AF8A832A06768500388F8F /* Debug */,
				19AF8A842A06768500388F8F /* Release */,
			);
			defaultConfigurationIsVisible = 0;
			defaultConfigurationName = Release;
		};
		19AF8A852A06768500388F8F /* Build configuration list for PBXNativeTarget "Cookify" */ = {
			isa = XCConfigurationList;
			buildConfigurations = (
				19AF8A862A06768500388F8F /* Debug */,
				19AF8A872A06768500388F8F /* Release */,
			);
			defaultConfigurationIsVisible = 0;
			defaultConfigurationName = Release;
		};
/* End XCConfigurationList section */
	};
	rootObject = 19AF8A6F2A06768100388F8F /* Project object */;
}
